
Microsoft Visual Studio Solution File, Format Version 12.00
# Visual Studio Version 16
VisualStudioVersion = 16.0.29424.173
MinimumVisualStudioVersion = 10.0.40219.1
Project("{FAE04EC0-301F-11D3-BF4B-00C04F79EFBC}") = "primaveraApi", "primaveraApi\primaveraApi.csproj", "{41510BCB-61EF-49A1-A3B4-49439908F649}"
EndProject
Global
	GlobalSection(SolutionConfigurationPlatforms) = preSolution
		Debug|Any CPU = Debug|Any CPU
		Debug|x86 = Debug|x86
		Release|Any CPU = Release|Any CPU
		Release|x86 = Release|x86
	EndGlobalSection
	GlobalSection(ProjectConfigurationPlatforms) = postSolution
		{41510BCB-61EF-49A1-A3B4-49439908F649}.Debug|Any CPU.ActiveCfg = Debug|Any CPU
		{41510BCB-61EF-49A1-A3B4-49439908F649}.Debug|Any CPU.Build.0 = Debug|Any CPU
		{41510BCB-61EF-49A1-A3B4-49439908F649}.Debug|x86.ActiveCfg = Debug|x86
		{41510BCB-61EF-49A1-A3B4-49439908F649}.Debug|x86.Build.0 = Debug|x86
		{41510BCB-61EF-49A1-A3B4-49439908F649}.Release|Any CPU.ActiveCfg = Release|Any CPU
		{41510BCB-61EF-49A1-A3B4-49439908F649}.Release|Any CPU.Build.0 = Release|Any CPU
		{41510BCB-61EF-49A1-A3B4-49439908F649}.Release|x86.ActiveCfg = Release|x86
		{41510BCB-61EF-49A1-A3B4-49439908F649}.Release|x86.Build.0 = Release|x86
	EndGlobalSection
	GlobalSection(SolutionProperties) = preSolution
		HideSolutionNode = FALSE
	EndGlobalSection
	GlobalSection(ExtensibilityGlobals) = postSolution
		SolutionGuid = {BF3044E7-12E3-4483-91DE-D80F96FCEB16}
	EndGlobalSection
EndGlobal
